
Microsoft Visual Studio Solution File, Format Version 12.00
# Visual Studio 2012
Project("{FAE04EC0-301F-11D3-BF4B-00C04F79EFBC}") = "BlogSite", "BlogSite\BlogSite.csproj", "{7C25D32C-BC85-4D18-96FC-7AB5185B1DAE}"
EndProject
Global
	GlobalSection(SolutionConfigurationPlatforms) = preSolution
		Debug|Any CPU = Debug|Any CPU
		Release|Any CPU = Release|Any CPU
	EndGlobalSection
	GlobalSection(ProjectConfigurationPlatforms) = postSolution
		{7C25D32C-BC85-4D18-96FC-7AB5185B1DAE}.Debug|Any CPU.ActiveCfg = Debug|Any CPU
		{7C25D32C-BC85-4D18-96FC-7AB5185B1DAE}.Debug|Any CPU.Build.0 = Debug|Any CPU
		{7C25D32C-BC85-4D18-96FC-7AB5185B1DAE}.Release|Any CPU.ActiveCfg = Release|Any CPU
		{7C25D32C-BC85-4D18-96FC-7AB5185B1DAE}.Release|Any CPU.Build.0 = Release|Any CPU
	EndGlobalSection
	GlobalSection(SolutionProperties) = preSolution
		HideSolutionNode = FALSE
	EndGlobalSection
EndGlobal
